
Microsoft Visual Studio Solution File, Format Version 12.00
# Visual Studio Version 17
VisualStudioVersion = 17.5.33516.290
MinimumVisualStudioVersion = 10.0.40219.1
Project("{FAE04EC0-301F-11D3-BF4B-00C04F79EFBC}") = "csharpLab14", "csharpLab14.csproj", "{77A792B4-6B27-46B0-A9D3-B7419F97C795}"
EndProject
Global
	GlobalSection(SolutionConfigurationPlatforms) = preSolution
		Debug|Any CPU = Debug|Any CPU
		Release|Any CPU = Release|Any CPU
	EndGlobalSection
	GlobalSection(ProjectConfigurationPlatforms) = postSolution
		{77A792B4-6B27-46B0-A9D3-B7419F97C795}.Debug|Any CPU.ActiveCfg = Debug|Any CPU
		{77A792B4-6B27-46B0-A9D3-B7419F97C795}.Debug|Any CPU.Build.0 = Debug|Any CPU
		{77A792B4-6B27-46B0-A9D3-B7419F97C795}.Release|Any CPU.ActiveCfg = Release|Any CPU
		{77A792B4-6B27-46B0-A9D3-B7419F97C795}.Release|Any CPU.Build.0 = Release|Any CPU
	EndGlobalSection
	GlobalSection(SolutionProperties) = preSolution
		HideSolutionNode = FALSE
	EndGlobalSection
	GlobalSection(ExtensibilityGlobals) = postSolution
		SolutionGuid = {5C755A85-92A9-4770-821D-6D6C8F8D1520}
	EndGlobalSection
EndGlobal
